{
  "name": "upchar-enterprise-platform",
  "version": "0.1.0",
  "lockfileVersion": 3,
  "requires": true,
  "packages": {
    "": {
      "name": "upchar-enterprise-platform",
      "version": "0.1.0",
      "dependencies": {
        "bcrypt": "^6.0.0"
      },
      "devDependencies": {
        "@rushstack/eslint-patch": "^1.16.1",
        "@types/jest": "^30.0.0",
        "@typescript-eslint/eslint-plugin": "^8.62.0",
        "@typescript-eslint/parser": "^8.62.0",
        "eslint": "^8.57.0",
        "eslint-config-react-app": "^7.0.1",
        "eslint-plugin-import": "^2.29.0",
        "eslint-plugin-n": "^16.6.0",
        "eslint-plugin-promise": "^6.1.1",
        "fast-glob": "^3.3.3",
        "husky": "^9.0.0",
        "prettier": "^3.0.0",
        "ts-jest": "^29.4.11",
        "typescript": "^6.0.3",
        "typescript-language-server": "^5.3.0"
      }
    },
    "node_modules/@rushstack/eslint-patch": {
      "version": "1.16.1",
      "resolved": "https://registry.npmjs.org/@rushstack/eslint-patch/-/eslint-patch-1.16.1.tgz",
      "integrity": "sha512-pfjU0z2p0fWS2jJuOjRFQU8E8xKi/l+6aL3M3QQVVKmXFRrXKuG5mMCnLAc3nZ/PrJ2ywC+8UXO4SjVbMl+rA=="
    },
    "node_modules/@types/jest": {
      "version": "30.0.0",
      "resolved": "https://registry.npmjs.org/@types/jest/-/jest-30.0.0.tgz",
      "integrity": "sha512-dKtxbZHJYvvj1mmKq33QzxIzqpnuhzlQ3+sGwrE/EBMqV3Q2QwHJ8tfPDKhA2cFJlZIDGT8LhVxJlAe9ZN2lPw==",
      "dev": true
    },
    "node_modules/@typescript-eslint/eslint-plugin": {
      "version": "8.62.0",
      "resolved": "https://registry.npmjs.org/@typescript-eslint/eslint-plugin/-/eslint-plugin-8.62.0.tgz",
      "integrity": "sha512-FwFd2wTx9GJvJXWnqh9LjkuJ5fKCjL38P5LKtG3y/QdWHOAK9QmMtQmnqVYA0BnCRAKcmO7z1oQr0t3/xLlFzA==",
      "dev": true
    },
    "node_modules/@typescript-eslint/parser": {
      "version": "8.62.0",
      "resolved": "https://registry.npmjs.org/@typescript-eslint/parser/-/parser-8.62.0.tgz",
      "integrity": "sha512-EwqLl7dNaCHwUq/rQ3w9XHIVzILlHO5w/+s1zKPEsZBDw5BT+F8VHFzWC7T8V/FTJhBcGPT3lNxLaP+d5y1GA==",
      "dev": true
    },
    "node_modules/bcrypt": {
      "version": "6.0.0",
      "resolved": "https://registry.npmjs.org/bcrypt/-/bcrypt-6.0.0.tgz",
      "integrity": "sha512-i5Fm5SBT2SgJO0Yw0UMYW0YyiWgMO0e6MU0YHwBfMQbFfzLg1TRNlUaFnZ7i14e9a9ZyH0x+eoKOGvjvXbR5g=="
    },
    "node_modules/eslint": {
      "version": "8.57.0",
      "resolved": "https://registry.npmjs.org/eslint/-/eslint-8.57.0.tgz",
      "integrity": "sha512-dWt+7Googvt+NaEhXoVlxh9eMKempWO007f2iwY5418ecJQVNg9xvBQaW9tXrNN23i2g+gS59Ms240vmUq227A==",
      "dev": true
    },
    "node_modules/eslint-config-react-app": {
      "version": "7.0.1",
      "resolved": "https://registry.npmjs.org/eslint-config-react-app/-/eslint-config-react-app-7.0.1.tgz",
      "integrity": "sha512-K8ohleFMcqonM3um9c9d+6H+W1UBKqH52g+OoN63blUWs/LyMBFPToMvlnUFp3+xeKQWSucxY2mVsPX53CmB2A==",
      "dev": true
    },
    "node_modules/eslint-plugin-import": {
      "version": "2.29.0",
      "resolved": "https://registry.npmjs.org/eslint-plugin-import/-/eslint-plugin-import-2.29.0.tgz",
      "integrity": "sha512-QPOO9yIW4b5V9B+ll1m8u1yJ+PvIK5u0b0BzjuGXCGYmW5y/ygZLn/75p3D9hZVaASdY6R+yKsyITIf3g8xww==",
      "dev": true
    },
    "node_modules/eslint-plugin-n": {
      "version": "16.6.0",
      "resolved": "https://registry.npmjs.org/eslint-plugin-n/-/eslint-plugin-n-16.6.0.tgz",
      "integrity": "sha512-v2oYUPkkVhI48dI8W6Zq7R0O9RNQKxCdOBB+VaH5m3EVqVKwNF8lOlHWqz3Ow/LBfPVUV8TW4fVb3NyEJaJaA==",
      "dev": true
    },
    "node_modules/eslint-plugin-promise": {
      "version": "6.1.1",
      "resolved": "https://registry.npmjs.org/eslint-plugin-promise/-/eslint-plugin-promise-6.1.1.tgz",
      "integrity": "sha512-tjqWDwVZQo//NVvNxzMo+llGkpaKA2Exwo+9mUC9hbnruWvbWZN8oMW9yeco8N1z5NqNsuKkTcSRIlq7mvMCaw==",
      "dev": true
    },
    "node_modules/fast-glob": {
      "version": "3.3.3",
      "resolved": "https://registry.npmjs.org/fast-glob/-/fast-glob-3.3.3.tgz",
      "integrity": "sha512-yNULbIY2n4edyJEeVBPHlZRMQ2JV1sV7nzol7C8+iNS6/WhnGeQbmzjvYSb0fhPBNVLEQS1zdDB2EGJdKGrqA==",
      "dev": true
    },
    "node_modules/husky": {
      "version": "9.0.0",
      "resolved": "https://registry.npmjs.org/husky/-/husky-9.0.0.tgz",
      "integrity": "sha512-z2FuVU8r2qrfG1FmCmM3o6H0zAqKhRRhDG6rSKN0xn6VNPvEqYXjb+n3RZQZnO85mAbxfvCBj8HWpfHRZuPLQ==",
      "dev": true
    },
    "node_modules/prettier": {
      "version": "3.0.0",
      "resolved": "https://registry.npmjs.org/prettier/-/prettier-3.0.0.tgz",
      "integrity": "sha512-jkJKxXvnLMV0a1xH9GVU6bXKMTHbKZdF2eVPKcqbJLDrvOLcBjdkwf96kEBb3z6hDWRYWRYf+L0gJIjGnr00dQ==",
      "dev": true
    },
    "node_modules/ts-jest": {
      "version": "29.4.11",
      "resolved": "https://registry.npmjs.org/ts-jest/-/ts-jest-29.4.11.tgz",
      "integrity": "sha512-l7sTSdTL6tPLDazVRh1EBRt5cXH7C3xVbPfCG/p+3hBrqCXpN3wZzK4gVfTJDXJt/CoCKCz4XLaLw7SU8sAOg==",
      "dev": true
    },
    "node_modules/typescript": {
      "version": "6.0.3",
      "resolved": "https://registry.npmjs.org/typescript/-/typescript-6.0.3.tgz",
      "integrity": "sha512-rH8YQyrxFSicLa3b6FeZJva0Oy95N56eFJGkxEH5wWuTvuJvhPWtlKAXNtji4otI4FQTS2MgsrNKbjZjNvNEw==",
      "dev": true
    },
    "node_modules/typescript-language-server": {
      "version": "5.3.0",
      "resolved": "https://registry.npmjs.org/typescript-language-server/-/typescript-language-server-5.3.0.tgz",
      "integrity": "sha512-YUmAUl+vWxFvdZxALFSnM0N3WbZtLa2BsZLLYWkv/WGKxGhHOo+E2q3A0RQVGG0RmjhzCmvNvUDYwKrUcAr/Q==",
      "dev": true
    }
  }
}